
Microsoft Visual Studio Solution File, Format Version 12.00
# Visual Studio Version 17
VisualStudioVersion = 17.9.34723.18
MinimumVisualStudioVersion = 10.0.40219.1
Project("{FAE04EC0-301F-11D3-BF4B-00C04F79EFBC}") = "UDV_WebApp", "UDV_WebApp\UDV_WebApp.csproj", "{ED179380-8713-45B4-AB09-2C33BD7CD203}"
EndProject
Global
	GlobalSection(SolutionConfigurationPlatforms) = preSolution
		Debug|Any CPU = Debug|Any CPU
		Release|Any CPU = Release|Any CPU
	EndGlobalSection
	GlobalSection(ProjectConfigurationPlatforms) = postSolution
		{ED179380-8713-45B4-AB09-2C33BD7CD203}.Debug|Any CPU.ActiveCfg = Debug|Any CPU
		{ED179380-8713-45B4-AB09-2C33BD7CD203}.Debug|Any CPU.Build.0 = Debug|Any CPU
		{ED179380-8713-45B4-AB09-2C33BD7CD203}.Release|Any CPU.ActiveCfg = Release|Any CPU
		{ED179380-8713-45B4-AB09-2C33BD7CD203}.Release|Any CPU.Build.0 = Release|Any CPU
	EndGlobalSection
	GlobalSection(SolutionProperties) = preSolution
		HideSolutionNode = FALSE
	EndGlobalSection
	GlobalSection(ExtensibilityGlobals) = postSolution
		SolutionGuid = {C200E6A6-9545-4EE6-9AAB-5268EF45547B}
	EndGlobalSection
EndGlobal
